
Microsoft Visual Studio Solution File, Format Version 12.00
# Visual Studio 15
VisualStudioVersion = 15.0.27130.2027
MinimumVisualStudioVersion = 10.0.40219.1
Project("{FAE04EC0-301F-11D3-BF4B-00C04F79EFBC}") = "SimpleServer", "SimpleServer\SimpleServer.csproj", "{94ED07B9-7D1D-4C8A-86DA-BD8EF16F7BD3}"
EndProject
Global
	GlobalSection(SolutionConfigurationPlatforms) = preSolution
		Debug|Any CPU = Debug|Any CPU
		Release|Any CPU = Release|Any CPU
	EndGlobalSection
	GlobalSection(ProjectConfigurationPlatforms) = postSolution
		{94ED07B9-7D1D-4C8A-86DA-BD8EF16F7BD3}.Debug|Any CPU.ActiveCfg = Debug|Any CPU
		{94ED07B9-7D1D-4C8A-86DA-BD8EF16F7BD3}.Debug|Any CPU.Build.0 = Debug|Any CPU
		{94ED07B9-7D1D-4C8A-86DA-BD8EF16F7BD3}.Release|Any CPU.ActiveCfg = Release|Any CPU
		{94ED07B9-7D1D-4C8A-86DA-BD8EF16F7BD3}.Release|Any CPU.Build.0 = Release|Any CPU
	EndGlobalSection
	GlobalSection(SolutionProperties) = preSolution
		HideSolutionNode = FALSE
	EndGlobalSection
	GlobalSection(ExtensibilityGlobals) = postSolution
		SolutionGuid = {F31EDD51-D594-4715-B795-FB3F459AE5A4}
	EndGlobalSection
EndGlobal
